// !$*UTF8*$!
{
	archiveVersion = 1;
	classes = {
	};
	objectVersion = 46;
	objects = {

/* Begin PBXBuildFile section */
		7B0157921BE80754001DEB37 /* GenericService.m in Sources */ = {isa = PBXBuildFile; fileRef = 7B0157911BE80754001DEB37 /* GenericService.m */; };
		7B0157951BE80760001DEB37 /* ProductService.m in Sources */ = {isa = PBXBuildFile; fileRef = 7B0157941BE80760001DEB37 /* ProductService.m */; };
		7B0157981BE8077B001DEB37 /* Constants.m in Sources */ = {isa = PBXBuildFile; fileRef = 7B0157971BE8077B001DEB37 /* Constants.m */; };
		7B01579B1BE80786001DEB37 /* Connection.m in Sources */ = {isa = PBXBuildFile; fileRef = 7B01579A1BE80786001DEB37 /* Connection.m */; };
		7B01579E1BE80791001DEB37 /* JWNetAPIClient.m in Sources */ = {isa = PBXBuildFile; fileRef = 7B01579D1BE80791001DEB37 /* JWNetAPIClient.m */; };
		7B0157A11BE8079B001DEB37 /* Routes.m in Sources */ = {isa = PBXBuildFile; fileRef = 7B0157A01BE8079B001DEB37 /* Routes.m */; };
		7B0157A61BE81331001DEB37 /* ProductModel.m in Sources */ = {isa = PBXBuildFile; fileRef = 7B0157A51BE81331001DEB37 /* ProductModel.m */; };
		7B0157A91BE81384001DEB37 /* GenericModel.m in Sources */ = {isa = PBXBuildFile; fileRef = 7B0157A81BE81384001DEB37 /* GenericModel.m */; };
		7B0157AD1BE813E0001DEB37 /* Validator.m in Sources */ = {isa = PBXBuildFile; fileRef = 7B0157AC1BE813E0001DEB37 /* Validator.m */; };
		7B406FA51BE7D8A900CC1B43 /* AppDelegate.m in Sources */ = {isa = PBXBuildFile; fileRef = 7B406FA41BE7D8A900CC1B43 /* AppDelegate.m */; };
		7B406FA81BE7D8B900CC1B43 /* ProductsCatalogViewController.m in Sources */ = {isa = PBXBuildFile; fileRef = 7B406FA71BE7D8B900CC1B43 /* ProductsCatalogViewController.m */; };
		7B90264B1BE7D13800728508 /* main.m in Sources */ = {isa = PBXBuildFile; fileRef = 7B90264A1BE7D13800728508 /* main.m */; };
		7B9026541BE7D13800728508 /* Main.storyboard in Resources */ = {isa = PBXBuildFile; fileRef = 7B9026521BE7D13800728508 /* Main.storyboard */; };
		7B9026561BE7D13800728508 /* Assets.xcassets in Resources */ = {isa = PBXBuildFile; fileRef = 7B9026551BE7D13800728508 /* Assets.xcassets */; };
		7B9026591BE7D13800728508 /* LaunchScreen.storyboard in Resources */ = {isa = PBXBuildFile; fileRef = 7B9026571BE7D13800728508 /* LaunchScreen.storyboard */; };
		7B9026641BE7D13800728508 /* Dafiti_ObjCTests.m in Sources */ = {isa = PBXBuildFile; fileRef = 7B9026631BE7D13800728508 /* Dafiti_ObjCTests.m */; };
		7B90266F1BE7D13800728508 /* Dafiti_ObjCUITests.m in Sources */ = {isa = PBXBuildFile; fileRef = 7B90266E1BE7D13800728508 /* Dafiti_ObjCUITests.m */; };
		873CD34F871FEA77E5268A63 /* libPods.a in Frameworks */ = {isa = PBXBuildFile; fileRef = EF87AB76D7749EC36DD95C0C /* libPods.a */; };
/* End PBXBuildFile section */

/* Begin PBXContainerItemProxy section */
		7B9026601BE7D13800728508 /* PBXContainerItemProxy */ = {
			isa = PBXContainerItemProxy;
			containerPortal = 7B90263E1BE7D13800728508 /* Project object */;
			proxyType = 1;
			remoteGlobalIDString = 7B9026451BE7D13800728508;
			remoteInfo = "Dafiti-ObjC";
		};
		7B90266B1BE7D13800728508 /* PBXContainerItemProxy */ = {
			isa = PBXContainerItemProxy;
			containerPortal = 7B90263E1BE7D13800728508 /* Project object */;
			proxyType = 1;
			remoteGlobalIDString = 7B9026451BE7D13800728508;
			remoteInfo = "Dafiti-ObjC";
		};
/* End PBXContainerItemProxy section */

/* Begin PBXFileReference section */
		7B0157901BE80754001DEB37 /* GenericService.h */ = {isa = PBXFileReference; fileEncoding = 4; lastKnownFileType = sourcecode.c.h; name = GenericService.h; path = Service/GenericService.h; sourceTree = "<group>"; };
		7B0157911BE80754001DEB37 /* GenericService.m */ = {isa = PBXFileReference; fileEncoding = 4; lastKnownFileType = sourcecode.c.objc; name = GenericService.m; path = Service/GenericService.m; sourceTree = "<group>"; };
		7B0157931BE80760001DEB37 /* ProductService.h */ = {isa = PBXFileReference; fileEncoding = 4; lastKnownFileType = sourcecode.c.h; name = ProductService.h; path = Service/ProductService.h; sourceTree = "<group>"; };
		7B0157941BE80760001DEB37 /* ProductService.m */ = {isa = PBXFileReference; fileEncoding = 4; lastKnownFileType = sourcecode.c.objc; name = ProductService.m; path = Service/ProductService.m; sourceTree = "<group>"; };
		7B0157961BE8077B001DEB37 /* Constants.h */ = {isa = PBXFileReference; fileEncoding = 4; lastKnownFileType = sourcecode.c.h; name = Constants.h; path = Util/Constants.h; sourceTree = "<group>"; };
		7B0157971BE8077B001DEB37 /* Constants.m */ = {isa = PBXFileReference; fileEncoding = 4; lastKnownFileType = sourcecode.c.objc; name = Constants.m; path = Util/Constants.m; sourceTree = "<group>"; };
		7B0157991BE80786001DEB37 /* Connection.h */ = {isa = PBXFileReference; fileEncoding = 4; lastKnownFileType = sourcecode.c.h; name = Connection.h; path = Util/Connection.h; sourceTree = "<group>"; };
		7B01579A1BE80786001DEB37 /* Connection.m */ = {isa = PBXFileReference; fileEncoding = 4; lastKnownFileType = sourcecode.c.objc; name = Connection.m; path = Util/Connection.m; sourceTree = "<group>"; };
		7B01579C1BE80791001DEB37 /* JWNetAPIClient.h */ = {isa = PBXFileReference; fileEncoding = 4; lastKnownFileType = sourcecode.c.h; name = JWNetAPIClient.h; path = Util/JWNetAPIClient.h; sourceTree = "<group>"; };
		7B01579D1BE80791001DEB37 /* JWNetAPIClient.m */ = {isa = PBXFileReference; fileEncoding = 4; lastKnownFileType = sourcecode.c.objc; name = JWNetAPIClient.m; path = Util/JWNetAPIClient.m; sourceTree = "<group>"; };
		7B01579F1BE8079B001DEB37 /* Routes.h */ = {isa = PBXFileReference; fileEncoding = 4; lastKnownFileType = sourcecode.c.h; name = Routes.h; path = Util/Routes.h; sourceTree = "<group>"; };
		7B0157A01BE8079B001DEB37 /* Routes.m */ = {isa = PBXFileReference; fileEncoding = 4; lastKnownFileType = sourcecode.c.objc; name = Routes.m; path = Util/Routes.m; sourceTree = "<group>"; };
		7B0157A41BE81331001DEB37 /* ProductModel.h */ = {isa = PBXFileReference; fileEncoding = 4; lastKnownFileType = sourcecode.c.h; name = ProductModel.h; path = Model/ProductModel.h; sourceTree = "<group>"; };
		7B0157A51BE81331001DEB37 /* ProductModel.m */ = {isa = PBXFileReference; fileEncoding = 4; lastKnownFileType = sourcecode.c.objc; name = ProductModel.m; path = Model/ProductModel.m; sourceTree = "<group>"; };
		7B0157A71BE81384001DEB37 /* GenericModel.h */ = {isa = PBXFileReference; fileEncoding = 4; lastKnownFileType = sourcecode.c.h; name = GenericModel.h; path = Model/GenericModel.h; sourceTree = "<group>"; };
		7B0157A81BE81384001DEB37 /* GenericModel.m */ = {isa = PBXFileReference; fileEncoding = 4; lastKnownFileType = sourcecode.c.objc; name = GenericModel.m; path = Model/GenericModel.m; sourceTree = "<group>"; };
		7B0157AB1BE813E0001DEB37 /* Validator.h */ = {isa = PBXFileReference; fileEncoding = 4; lastKnownFileType = sourcecode.c.h; name = Validator.h; path = Util/Validator.h; sourceTree = "<group>"; };
		7B0157AC1BE813E0001DEB37 /* Validator.m */ = {isa = PBXFileReference; fileEncoding = 4; lastKnownFileType = sourcecode.c.objc; name = Validator.m; path = Util/Validator.m; sourceTree = "<group>"; };
		7B406FA31BE7D8A900CC1B43 /* AppDelegate.h */ = {isa = PBXFileReference; fileEncoding = 4; lastKnownFileType = sourcecode.c.h; name = AppDelegate.h; path = AppDelegate/AppDelegate.h; sourceTree = "<group>"; };
		7B406FA41BE7D8A900CC1B43 /* AppDelegate.m */ = {isa = PBXFileReference; fileEncoding = 4; lastKnownFileType = sourcecode.c.objc; name = AppDelegate.m; path = AppDelegate/AppDelegate.m; sourceTree = "<group>"; };
		7B406FA61BE7D8B900CC1B43 /* ProductsCatalogViewController.h */ = {isa = PBXFileReference; fileEncoding = 4; lastKnownFileType = sourcecode.c.h; name = ProductsCatalogViewController.h; path = Controller/ProductsCatalogViewController.h; sourceTree = "<group>"; };
		7B406FA71BE7D8B900CC1B43 /* ProductsCatalogViewController.m */ = {isa = PBXFileReference; fileEncoding = 4; lastKnownFileType = sourcecode.c.objc; name = ProductsCatalogViewController.m; path = Controller/ProductsCatalogViewController.m; sourceTree = "<group>"; };
		7B9026461BE7D13800728508 /* Dafiti-ObjC.app */ = {isa = PBXFileReference; explicitFileType = wrapper.application; includeInIndex = 0; path = "Dafiti-ObjC.app"; sourceTree = BUILT_PRODUCTS_DIR; };
		7B90264A1BE7D13800728508 /* main.m */ = {isa = PBXFileReference; lastKnownFileType = sourcecode.c.objc; path = main.m; sourceTree = "<group>"; };
		7B9026531BE7D13800728508 /* Base */ = {isa = PBXFileReference; lastKnownFileType = file.storyboard; name = Base; path = Base.lproj/Main.storyboard; sourceTree = "<group>"; };
		7B9026551BE7D13800728508 /* Assets.xcassets */ = {isa = PBXFileReference; lastKnownFileType = folder.assetcatalog; path = Assets.xcassets; sourceTree = "<group>"; };
		7B9026581BE7D13800728508 /* Base */ = {isa = PBXFileReference; lastKnownFileType = file.storyboard; name = Base; path = Base.lproj/LaunchScreen.storyboard; sourceTree = "<group>"; };
		7B90265A1BE7D13800728508 /* Info.plist */ = {isa = PBXFileReference; lastKnownFileType = text.plist.xml; path = Info.plist; sourceTree = "<group>"; };
		7B90265F1BE7D13800728508 /* Dafiti-ObjCTests.xctest */ = {isa = PBXFileReference; explicitFileType = wrapper.cfbundle; includeInIndex = 0; path = "Dafiti-ObjCTests.xctest"; sourceTree = BUILT_PRODUCTS_DIR; };
		7B9026631BE7D13800728508 /* Dafiti_ObjCTests.m */ = {isa = PBXFileReference; lastKnownFileType = sourcecode.c.objc; path = Dafiti_ObjCTests.m; sourceTree = "<group>"; };
		7B9026651BE7D13800728508 /* Info.plist */ = {isa = PBXFileReference; lastKnownFileType = text.plist.xml; path = Info.plist; sourceTree = "<group>"; };
		7B90266A1BE7D13800728508 /* Dafiti-ObjCUITests.xctest */ = {isa = PBXFileReference; explicitFileType = wrapper.cfbundle; includeInIndex = 0; path = "Dafiti-ObjCUITests.xctest"; sourceTree = BUILT_PRODUCTS_DIR; };
		7B90266E1BE7D13800728508 /* Dafiti_ObjCUITests.m */ = {isa = PBXFileReference; lastKnownFileType = sourcecode.c.objc; path = Dafiti_ObjCUITests.m; sourceTree = "<group>"; };
		7B9026701BE7D13800728508 /* Info.plist */ = {isa = PBXFileReference; lastKnownFileType = text.plist.xml; path = Info.plist; sourceTree = "<group>"; };
		C2410786DA854FAD339AC95D /* Pods.debug.xcconfig */ = {isa = PBXFileReference; includeInIndex = 1; lastKnownFileType = text.xcconfig; name = Pods.debug.xcconfig; path = "Pods/Target Support Files/Pods/Pods.debug.xcconfig"; sourceTree = "<group>"; };
		CD22A6A18EDA6F0C2BBBCAE6 /* Pods.release.xcconfig */ = {isa = PBXFileReference; includeInIndex = 1; lastKnownFileType = text.xcconfig; name = Pods.release.xcconfig; path = "Pods/Target Support Files/Pods/Pods.release.xcconfig"; sourceTree = "<group>"; };
		EF87AB76D7749EC36DD95C0C /* libPods.a */ = {isa = PBXFileReference; explicitFileType = archive.ar; includeInIndex = 0; path = libPods.a; sourceTree = BUILT_PRODUCTS_DIR; };
/* End PBXFileReference section */

/* Begin PBXFrameworksBuildPhase section */
		7B9026431BE7D13800728508 /* Frameworks */ = {
			isa = PBXFrameworksBuildPhase;
			buildActionMask = 2147483647;
			files = (
				873CD34F871FEA77E5268A63 /* libPods.a in Frameworks */,
			);
			runOnlyForDeploymentPostprocessing = 0;
		};
		7B90265C1BE7D13800728508 /* Frameworks */ = {
			isa = PBXFrameworksBuildPhase;
			buildActionMask = 2147483647;
			files = (
			);
			runOnlyForDeploymentPostprocessing = 0;
		};
		7B9026671BE7D13800728508 /* Frameworks */ = {
			isa = PBXFrameworksBuildPhase;
			buildActionMask = 2147483647;
			files = (
			);
			runOnlyForDeploymentPostprocessing = 0;
		};
/* End PBXFrameworksBuildPhase section */

/* Begin PBXGroup section */
		291A1F085BB3E94033384A03 /* Pods */ = {
			isa = PBXGroup;
			children = (
				C2410786DA854FAD339AC95D /* Pods.debug.xcconfig */,
				CD22A6A18EDA6F0C2BBBCAE6 /* Pods.release.xcconfig */,
			);
			name = Pods;
			sourceTree = "<group>";
		};
		7B0157A21BE809CF001DEB37 /* ProductsCatalogViewController */ = {
			isa = PBXGroup;
			children = (
				7B406FA61BE7D8B900CC1B43 /* ProductsCatalogViewController.h */,
				7B406FA71BE7D8B900CC1B43 /* ProductsCatalogViewController.m */,
			);
			name = ProductsCatalogViewController;
			sourceTree = "<group>";
		};
		7B0157A31BE812F8001DEB37 /* Model */ = {
			isa = PBXGroup;
			children = (
				7B0157AE1BE81444001DEB37 /* GenericModel */,
				7B0157AF1BE81450001DEB37 /* ProductModel */,
			);
			name = Model;
			sourceTree = "<group>";
		};
		7B0157AA1BE813C5001DEB37 /* Validator */ = {
			isa = PBXGroup;
			children = (
				7B0157AB1BE813E0001DEB37 /* Validator.h */,
				7B0157AC1BE813E0001DEB37 /* Validator.m */,
			);
			name = Validator;
			sourceTree = "<group>";
		};
		7B0157AE1BE81444001DEB37 /* GenericModel */ = {
			isa = PBXGroup;
			children = (
				7B0157A71BE81384001DEB37 /* GenericModel.h */,
				7B0157A81BE81384001DEB37 /* GenericModel.m */,
			);
			name = GenericModel;
			sourceTree = "<group>";
		};
		7B0157AF1BE81450001DEB37 /* ProductModel */ = {
			isa = PBXGroup;
			children = (
				7B0157A41BE81331001DEB37 /* ProductModel.h */,
				7B0157A51BE81331001DEB37 /* ProductModel.m */,
			);
			name = ProductModel;
			sourceTree = "<group>";
		};
		7B406FA21BE7D87B00CC1B43 /* Util */ = {
			isa = PBXGroup;
			children = (
				7B406FB11BE7D9E500CC1B43 /* Connection */,
				7B406FBA1BE7DAE500CC1B43 /* Constants */,
				7B406FAC1BE7D92800CC1B43 /* JWNetAPIClient */,
				7B406FAD1BE7D98000CC1B43 /* Routes */,
				7B0157AA1BE813C5001DEB37 /* Validator */,
			);
			name = Util;
			sourceTree = "<group>";
		};
		7B406FAC1BE7D92800CC1B43 /* JWNetAPIClient */ = {
			isa = PBXGroup;
			children = (
				7B01579C1BE80791001DEB37 /* JWNetAPIClient.h */,
				7B01579D1BE80791001DEB37 /* JWNetAPIClient.m */,
			);
			name = JWNetAPIClient;
			sourceTree = "<group>";
		};
		7B406FAD1BE7D98000CC1B43 /* Routes */ = {
			isa = PBXGroup;
			children = (
				7B01579F1BE8079B001DEB37 /* Routes.h */,
				7B0157A01BE8079B001DEB37 /* Routes.m */,
			);
			name = Routes;
			sourceTree = "<group>";
		};
		7B406FB11BE7D9E500CC1B43 /* Connection */ = {
			isa = PBXGroup;
			children = (
				7B0157991BE80786001DEB37 /* Connection.h */,
				7B01579A1BE80786001DEB37 /* Connection.m */,
			);
			name = Connection;
			sourceTree = "<group>";
		};
		7B406FB51BE7DAA000CC1B43 /* Service */ = {
			isa = PBXGroup;
			children = (
				7B406FB61BE7DAA700CC1B43 /* GenericService */,
				7B406FBE1BE7DB6800CC1B43 /* ProductService */,
			);
			name = Service;
			sourceTree = "<group>";
		};
		7B406FB61BE7DAA700CC1B43 /* GenericService */ = {
			isa = PBXGroup;
			children = (
				7B0157901BE80754001DEB37 /* GenericService.h */,
				7B0157911BE80754001DEB37 /* GenericService.m */,
			);
			name = GenericService;
			sourceTree = "<group>";
		};
		7B406FBA1BE7DAE500CC1B43 /* Constants */ = {
			isa = PBXGroup;
			children = (
				7B0157961BE8077B001DEB37 /* Constants.h */,
				7B0157971BE8077B001DEB37 /* Constants.m */,
			);
			name = Constants;
			sourceTree = "<group>";
		};
		7B406FBE1BE7DB6800CC1B43 /* ProductService */ = {
			isa = PBXGroup;
			children = (
				7B0157931BE80760001DEB37 /* ProductService.h */,
				7B0157941BE80760001DEB37 /* ProductService.m */,
			);
			name = ProductService;
			sourceTree = "<group>";
		};
		7B90263D1BE7D13800728508 = {
			isa = PBXGroup;
			children = (
				7B9026481BE7D13800728508 /* Dafiti-ObjC */,
				7B9026621BE7D13800728508 /* Dafiti-ObjCTests */,
				7B90266D1BE7D13800728508 /* Dafiti-ObjCUITests */,
				7B9026471BE7D13800728508 /* Products */,
				291A1F085BB3E94033384A03 /* Pods */,
				C608F47EA8B68C6E5A98FCDB /* Frameworks */,
			);
			sourceTree = "<group>";
		};
		7B9026471BE7D13800728508 /* Products */ = {
			isa = PBXGroup;
			children = (
				7B9026461BE7D13800728508 /* Dafiti-ObjC.app */,
				7B90265F1BE7D13800728508 /* Dafiti-ObjCTests.xctest */,
				7B90266A1BE7D13800728508 /* Dafiti-ObjCUITests.xctest */,
			);
			name = Products;
			sourceTree = "<group>";
		};
		7B9026481BE7D13800728508 /* Dafiti-ObjC */ = {
			isa = PBXGroup;
			children = (
				7B0157A31BE812F8001DEB37 /* Model */,
				7B90267C1BE7D13F00728508 /* AppDelegate */,
				7B9026801BE7D17500728508 /* Assets */,
				7B90267D1BE7D14B00728508 /* Controller */,
				7B406FB51BE7DAA000CC1B43 /* Service */,
				7B9026491BE7D13800728508 /* Supporting Files */,
				7B406FA21BE7D87B00CC1B43 /* Util */,
				7B90267F1BE7D16B00728508 /* View */,
			);
			path = "Dafiti-ObjC";
			sourceTree = "<group>";
		};
		7B9026491BE7D13800728508 /* Supporting Files */ = {
			isa = PBXGroup;
			children = (
				7B90265A1BE7D13800728508 /* Info.plist */,
				7B90264A1BE7D13800728508 /* main.m */,
			);
			name = "Supporting Files";
			sourceTree = "<group>";
		};
		7B9026621BE7D13800728508 /* Dafiti-ObjCTests */ = {
			isa = PBXGroup;
			children = (
				7B9026631BE7D13800728508 /* Dafiti_ObjCTests.m */,
				7B9026651BE7D13800728508 /* Info.plist */,
			);
			path = "Dafiti-ObjCTests";
			sourceTree = "<group>";
		};
		7B90266D1BE7D13800728508 /* Dafiti-ObjCUITests */ = {
			isa = PBXGroup;
			children = (
				7B90266E1BE7D13800728508 /* Dafiti_ObjCUITests.m */,
				7B9026701BE7D13800728508 /* Info.plist */,
			);
			path = "Dafiti-ObjCUITests";
			sourceTree = "<group>";
		};
		7B90267C1BE7D13F00728508 /* AppDelegate */ = {
			isa = PBXGroup;
			children = (
				7B406FA31BE7D8A900CC1B43 /* AppDelegate.h */,
				7B406FA41BE7D8A900CC1B43 /* AppDelegate.m */,
			);
			name = AppDelegate;
			sourceTree = "<group>";
		};
		7B90267D1BE7D14B00728508 /* Controller */ = {
			isa = PBXGroup;
			children = (
				7B0157A21BE809CF001DEB37 /* ProductsCatalogViewController */,
			);
			name = Controller;
			sourceTree = "<group>";
		};
		7B90267E1BE7D15700728508 /* Storyboard */ = {
			isa = PBXGroup;
			children = (
				7B9026521BE7D13800728508 /* Main.storyboard */,
				7B9026571BE7D13800728508 /* LaunchScreen.storyboard */,
			);
			name = Storyboard;
			sourceTree = "<group>";
		};
		7B90267F1BE7D16B00728508 /* View */ = {
			isa = PBXGroup;
			children = (
				7B90267E1BE7D15700728508 /* Storyboard */,
			);
			name = View;
			sourceTree = "<group>";
		};
		7B9026801BE7D17500728508 /* Assets */ = {
			isa = PBXGroup;
			children = (
				7B9026551BE7D13800728508 /* Assets.xcassets */,
			);
			name = Assets;
			sourceTree = "<group>";
		};
		C608F47EA8B68C6E5A98FCDB /* Frameworks */ = {
			isa = PBXGroup;
			children = (
				EF87AB76D7749EC36DD95C0C /* libPods.a */,
			);
			name = Frameworks;
			sourceTree = "<group>";
		};
/* End PBXGroup section */

/* Begin PBXNativeTarget section */
		7B9026451BE7D13800728508 /* Dafiti-ObjC */ = {
			isa = PBXNativeTarget;
			buildConfigurationList = 7B9026731BE7D13800728508 /* Build configuration list for PBXNativeTarget "Dafiti-ObjC" */;
			buildPhases = (
				2A586B3DAAA0D190618E1350 /* Check Pods Manifest.lock */,
				7B9026421BE7D13800728508 /* Sources */,
				7B9026431BE7D13800728508 /* Frameworks */,
				7B9026441BE7D13800728508 /* Resources */,
				F453C19E647D4AEE4BBC3CF1 /* Copy Pods Resources */,
				1F12824E9345B767B20290B1 /* Embed Pods Frameworks */,
			);
			buildRules = (
			);
			dependencies = (
			);
			name = "Dafiti-ObjC";
			productName = "Dafiti-ObjC";
			productReference = 7B9026461BE7D13800728508 /* Dafiti-ObjC.app */;
			productType = "com.apple.product-type.application";
		};
		7B90265E1BE7D13800728508 /* Dafiti-ObjCTests */ = {
			isa = PBXNativeTarget;
			buildConfigurationList = 7B9026761BE7D13800728508 /* Build configuration list for PBXNativeTarget "Dafiti-ObjCTests" */;
			buildPhases = (
				7B90265B1BE7D13800728508 /* Sources */,
				7B90265C1BE7D13800728508 /* Frameworks */,
				7B90265D1BE7D13800728508 /* Resources */,
			);
			buildRules = (
			);
			dependencies = (
				7B9026611BE7D13800728508 /* PBXTargetDependency */,
			);
			name = "Dafiti-ObjCTests";
			productName = "Dafiti-ObjCTests";
			productReference = 7B90265F1BE7D13800728508 /* Dafiti-ObjCTests.xctest */;
			productType = "com.apple.product-type.bundle.unit-test";
		};
		7B9026691BE7D13800728508 /* Dafiti-ObjCUITests */ = {
			isa = PBXNativeTarget;
			buildConfigurationList = 7B9026791BE7D13800728508 /* Build configuration list for PBXNativeTarget "Dafiti-ObjCUITests" */;
			buildPhases = (
				7B9026661BE7D13800728508 /* Sources */,
				7B9026671BE7D13800728508 /* Frameworks */,
				7B9026681BE7D13800728508 /* Resources */,
			);
			buildRules = (
			);
			dependencies = (
				7B90266C1BE7D13800728508 /* PBXTargetDependency */,
			);
			name = "Dafiti-ObjCUITests";
			productName = "Dafiti-ObjCUITests";
			productReference = 7B90266A1BE7D13800728508 /* Dafiti-ObjCUITests.xctest */;
			productType = "com.apple.product-type.bundle.ui-testing";
		};
/* End PBXNativeTarget section */

/* Begin PBXProject section */
		7B90263E1BE7D13800728508 /* Project object */ = {
			isa = PBXProject;
			attributes = {
				LastUpgradeCheck = 0710;
				ORGANIZATIONNAME = "Jhonathan Wyterlin";
				TargetAttributes = {
					7B9026451BE7D13800728508 = {
						CreatedOnToolsVersion = 7.1;
					};
					7B90265E1BE7D13800728508 = {
						CreatedOnToolsVersion = 7.1;
						TestTargetID = 7B9026451BE7D13800728508;
					};
					7B9026691BE7D13800728508 = {
						CreatedOnToolsVersion = 7.1;
						TestTargetID = 7B9026451BE7D13800728508;
					};
				};
			};
			buildConfigurationList = 7B9026411BE7D13800728508 /* Build configuration list for PBXProject "Dafiti-ObjC" */;
			compatibilityVersion = "Xcode 3.2";
			developmentRegion = English;
			hasScannedForEncodings = 0;
			knownRegions = (
				en,
				Base,
			);
			mainGroup = 7B90263D1BE7D13800728508;
			productRefGroup = 7B9026471BE7D13800728508 /* Products */;
			projectDirPath = "";
			projectRoot = "";
			targets = (
				7B9026451BE7D13800728508 /* Dafiti-ObjC */,
				7B90265E1BE7D13800728508 /* Dafiti-ObjCTests */,
				7B9026691BE7D13800728508 /* Dafiti-ObjCUITests */,
			);
		};
/* End PBXProject section */

/* Begin PBXResourcesBuildPhase section */
		7B9026441BE7D13800728508 /* Resources */ = {
			isa = PBXResourcesBuildPhase;
			buildActionMask = 2147483647;
			files = (
				7B9026591BE7D13800728508 /* LaunchScreen.storyboard in Resources */,
				7B9026561BE7D13800728508 /* Assets.xcassets in Resources */,
				7B9026541BE7D13800728508 /* Main.storyboard in Resources */,
			);
			runOnlyForDeploymentPostprocessing = 0;
		};
		7B90265D1BE7D13800728508 /* Resources */ = {
			isa = PBXResourcesBuildPhase;
			buildActionMask = 2147483647;
			files = (
			);
			runOnlyForDeploymentPostprocessing = 0;
		};
		7B9026681BE7D13800728508 /* Resources */ = {
			isa = PBXResourcesBuildPhase;
			buildActionMask = 2147483647;
			files = (
			);
			runOnlyForDeploymentPostprocessing = 0;
		};
/* End PBXResourcesBuildPhase section */

/* Begin PBXShellScriptBuildPhase section */
		1F12824E9345B767B20290B1 /* Embed Pods Frameworks */ = {
			isa = PBXShellScriptBuildPhase;
			buildActionMask = 2147483647;
			files = (
			);
			inputPaths = (
			);
			name = "Embed Pods Frameworks";
			outputPaths = (
			);
			runOnlyForDeploymentPostprocessing = 0;
			shellPath = /bin/sh;
			shellScript = "\"${SRCROOT}/Pods/Target Support Files/Pods/Pods-frameworks.sh\"\n";
			showEnvVarsInLog = 0;
		};
		2A586B3DAAA0D190618E1350 /* Check Pods Manifest.lock */ = {
			isa = PBXShellScriptBuildPhase;
			buildActionMask = 2147483647;
			files = (
			);
			inputPaths = (
			);
			name = "Check Pods Manifest.lock";
			outputPaths = (
			);
			runOnlyForDeploymentPostprocessing = 0;
			shellPath = /bin/sh;
			shellScript = "diff \"${PODS_ROOT}/../Podfile.lock\" \"${PODS_ROOT}/Manifest.lock\" > /dev/null\nif [[ $? != 0 ]] ; then\n    cat << EOM\nerror: The sandbox is not in sync with the Podfile.lock. Run 'pod install' or update your CocoaPods installation.\nEOM\n    exit 1\nfi\n";
			showEnvVarsInLog = 0;
		};
		F453C19E647D4AEE4BBC3CF1 /* Copy Pods Resources */ = {
			isa = PBXShellScriptBuildPhase;
			buildActionMask = 2147483647;
			files = (
			);
			inputPaths = (
			);
			name = "Copy Pods Resources";
			outputPaths = (
			);
			runOnlyForDeploymentPostprocessing = 0;
			shellPath = /bin/sh;
			shellScript = "\"${SRCROOT}/Pods/Target Support Files/Pods/Pods-resources.sh\"\n";
			showEnvVarsInLog = 0;
		};
/* End PBXShellScriptBuildPhase section */

/* Begin PBXSourcesBuildPhase section */
		7B9026421BE7D13800728508 /* Sources */ = {
			isa = PBXSourcesBuildPhase;
			buildActionMask = 2147483647;
			files = (
				7B406FA51BE7D8A900CC1B43 /* AppDelegate.m in Sources */,
				7B0157A91BE81384001DEB37 /* GenericModel.m in Sources */,
				7B0157951BE80760001DEB37 /* ProductService.m in Sources */,
				7B01579E1BE80791001DEB37 /* JWNetAPIClient.m in Sources */,
				7B0157AD1BE813E0001DEB37 /* Validator.m in Sources */,
				7B0157981BE8077B001DEB37 /* Constants.m in Sources */,
				7B406FA81BE7D8B900CC1B43 /* ProductsCatalogViewController.m in Sources */,
				7B90264B1BE7D13800728508 /* main.m in Sources */,
				7B0157A11BE8079B001DEB37 /* Routes.m in Sources */,
				7B0157A61BE81331001DEB37 /* ProductModel.m in Sources */,
				7B0157921BE80754001DEB37 /* GenericService.m in Sources */,
				7B01579B1BE80786001DEB37 /* Connection.m in Sources */,
			);
			runOnlyForDeploymentPostprocessing = 0;
		};
		7B90265B1BE7D13800728508 /* Sources */ = {
			isa = PBXSourcesBuildPhase;
			buildActionMask = 2147483647;
			files = (
				7B9026641BE7D13800728508 /* Dafiti_ObjCTests.m in Sources */,
			);
			runOnlyForDeploymentPostprocessing = 0;
		};
		7B9026661BE7D13800728508 /* Sources */ = {
			isa = PBXSourcesBuildPhase;
			buildActionMask = 2147483647;
			files = (
				7B90266F1BE7D13800728508 /* Dafiti_ObjCUITests.m in Sources */,
			);
			runOnlyForDeploymentPostprocessing = 0;
		};
/* End PBXSourcesBuildPhase section */

/* Begin PBXTargetDependency section */
		7B9026611BE7D13800728508 /* PBXTargetDependency */ = {
			isa = PBXTargetDependency;
			target = 7B9026451BE7D13800728508 /* Dafiti-ObjC */;
			targetProxy = 7B9026601BE7D13800728508 /* PBXContainerItemProxy */;
		};
		7B90266C1BE7D13800728508 /* PBXTargetDependency */ = {
			isa = PBXTargetDependency;
			target = 7B9026451BE7D13800728508 /* Dafiti-ObjC */;
			targetProxy = 7B90266B1BE7D13800728508 /* PBXContainerItemProxy */;
		};
/* End PBXTargetDependency section */

/* Begin PBXVariantGroup section */
		7B9026521BE7D13800728508 /* Main.storyboard */ = {
			isa = PBXVariantGroup;
			children = (
				7B9026531BE7D13800728508 /* Base */,
			);
			name = Main.storyboard;
			sourceTree = "<group>";
		};
		7B9026571BE7D13800728508 /* LaunchScreen.storyboard */ = {
			isa = PBXVariantGroup;
			children = (
				7B9026581BE7D13800728508 /* Base */,
			);
			name = LaunchScreen.storyboard;
			sourceTree = "<group>";
		};
/* End PBXVariantGroup section */

/* Begin XCBuildConfiguration section */
		7B9026711BE7D13800728508 /* Debug */ = {
			isa = XCBuildConfiguration;
			buildSettings = {
				ALWAYS_SEARCH_USER_PATHS = NO;
				CLANG_CXX_LANGUAGE_STANDARD = "gnu++0x";
				CLANG_CXX_LIBRARY = "libc++";
				CLANG_ENABLE_MODULES = YES;
				CLANG_ENABLE_OBJC_ARC = YES;
				CLANG_WARN_BOOL_CONVERSION = YES;
				CLANG_WARN_CONSTANT_CONVERSION = YES;
				CLANG_WARN_DIRECT_OBJC_ISA_USAGE = YES_ERROR;
				CLANG_WARN_EMPTY_BODY = YES;
				CLANG_WARN_ENUM_CONVERSION = YES;
				CLANG_WARN_INT_CONVERSION = YES;
				CLANG_WARN_OBJC_ROOT_CLASS = YES_ERROR;
				CLANG_WARN_UNREACHABLE_CODE = YES;
				CLANG_WARN__DUPLICATE_METHOD_MATCH = YES;
				"CODE_SIGN_IDENTITY[sdk=iphoneos*]" = "iPhone Developer";
				COPY_PHASE_STRIP = NO;
				DEBUG_INFORMATION_FORMAT = dwarf;
				ENABLE_STRICT_OBJC_MSGSEND = YES;
				ENABLE_TESTABILITY = YES;
				GCC_C_LANGUAGE_STANDARD = gnu99;
				GCC_DYNAMIC_NO_PIC = NO;
				GCC_NO_COMMON_BLOCKS = YES;
				GCC_OPTIMIZATION_LEVEL = 0;
				GCC_PREPROCESSOR_DEFINITIONS = (
					"DEBUG=1",
					"$(inherited)",
				);
				GCC_WARN_64_TO_32_BIT_CONVERSION = YES;
				GCC_WARN_ABOUT_RETURN_TYPE = YES_ERROR;
				GCC_WARN_UNDECLARED_SELECTOR = YES;
				GCC_WARN_UNINITIALIZED_AUTOS = YES_AGGRESSIVE;
				GCC_WARN_UNUSED_FUNCTION = YES;
				GCC_WARN_UNUSED_VARIABLE = YES;
				IPHONEOS_DEPLOYMENT_TARGET = 9.1;
				MTL_ENABLE_DEBUG_INFO = YES;
				ONLY_ACTIVE_ARCH = YES;
				SDKROOT = iphoneos;
			};
			name = Debug;
		};
		7B9026721BE7D13800728508 /* Release */ = {
			isa = XCBuildConfiguration;
			buildSettings = {
				ALWAYS_SEARCH_USER_PATHS = NO;
				CLANG_CXX_LANGUAGE_STANDARD = "gnu++0x";
				CLANG_CXX_LIBRARY = "libc++";
				CLANG_ENABLE_MODULES = YES;
				CLANG_ENABLE_OBJC_ARC = YES;
				CLANG_WARN_BOOL_CONVERSION = YES;
				CLANG_WARN_CONSTANT_CONVERSION = YES;
				CLANG_WARN_DIRECT_OBJC_ISA_USAGE = YES_ERROR;
				CLANG_WARN_EMPTY_BODY = YES;
				CLANG_WARN_ENUM_CONVERSION = YES;
				CLANG_WARN_INT_CONVERSION = YES;
				CLANG_WARN_OBJC_ROOT_CLASS = YES_ERROR;
				CLANG_WARN_UNREACHABLE_CODE = YES;
				CLANG_WARN__DUPLICATE_METHOD_MATCH = YES;
				"CODE_SIGN_IDENTITY[sdk=iphoneos*]" = "iPhone Developer";
				COPY_PHASE_STRIP = NO;
				DEBUG_INFORMATION_FORMAT = "dwarf-with-dsym";
				ENABLE_NS_ASSERTIONS = NO;
				ENABLE_STRICT_OBJC_MSGSEND = YES;
				GCC_C_LANGUAGE_STANDARD = gnu99;
				GCC_NO_COMMON_BLOCKS = YES;
				GCC_WARN_64_TO_32_BIT_CONVERSION = YES;
				GCC_WARN_ABOUT_RETURN_TYPE = YES_ERROR;
				GCC_WARN_UNDECLARED_SELECTOR = YES;
				GCC_WARN_UNINITIALIZED_AUTOS = YES_AGGRESSIVE;
				GCC_WARN_UNUSED_FUNCTION = YES;
				GCC_WARN_UNUSED_VARIABLE = YES;
				IPHONEOS_DEPLOYMENT_TARGET = 9.1;
				MTL_ENABLE_DEBUG_INFO = NO;
				SDKROOT = iphoneos;
				VALIDATE_PRODUCT = YES;
			};
			name = Release;
		};
		7B9026741BE7D13800728508 /* Debug */ = {
			isa = XCBuildConfiguration;
			baseConfigurationReference = C2410786DA854FAD339AC95D /* Pods.debug.xcconfig */;
			buildSettings = {
				ASSETCATALOG_COMPILER_APPICON_NAME = AppIcon;
				INFOPLIST_FILE = "Dafiti-ObjC/Info.plist";
				LD_RUNPATH_SEARCH_PATHS = "$(inherited) @executable_path/Frameworks";
				PRODUCT_BUNDLE_IDENTIFIER = "com.jhonathan.Dafiti-ObjC";
				PRODUCT_NAME = "$(TARGET_NAME)";
			};
			name = Debug;
		};
		7B9026751BE7D13800728508 /* Release */ = {
			isa = XCBuildConfiguration;
			baseConfigurationReference = CD22A6A18EDA6F0C2BBBCAE6 /* Pods.release.xcconfig */;
			buildSettings = {
				ASSETCATALOG_COMPILER_APPICON_NAME = AppIcon;
				INFOPLIST_FILE = "Dafiti-ObjC/Info.plist";
				LD_RUNPATH_SEARCH_PATHS = "$(inherited) @executable_path/Frameworks";
				PRODUCT_BUNDLE_IDENTIFIER = "com.jhonathan.Dafiti-ObjC";
				PRODUCT_NAME = "$(TARGET_NAME)";
			};
			name = Release;
		};
		7B9026771BE7D13800728508 /* Debug */ = {
			isa = XCBuildConfiguration;
			buildSettings = {
				BUNDLE_LOADER = "$(TEST_HOST)";
				INFOPLIST_FILE = "Dafiti-ObjCTests/Info.plist";
				LD_RUNPATH_SEARCH_PATHS = "$(inherited) @executable_path/Frameworks @loader_path/Frameworks";
				PRODUCT_BUNDLE_IDENTIFIER = "com.jhonathan.Dafiti-ObjCTests";
				PRODUCT_NAME = "$(TARGET_NAME)";
				TEST_HOST = "$(BUILT_PRODUCTS_DIR)/Dafiti-ObjC.app/Dafiti-ObjC";
			};
			name = Debug;
		};
		7B9026781BE7D13800728508 /* Release */ = {
			isa = XCBuildConfiguration;
			buildSettings = {
				BUNDLE_LOADER = "$(TEST_HOST)";
				INFOPLIST_FILE = "Dafiti-ObjCTests/Info.plist";
				LD_RUNPATH_SEARCH_PATHS = "$(inherited) @executable_path/Frameworks @loader_path/Frameworks";
				PRODUCT_BUNDLE_IDENTIFIER = "com.jhonathan.Dafiti-ObjCTests";
				PRODUCT_NAME = "$(TARGET_NAME)";
				TEST_HOST = "$(BUILT_PRODUCTS_DIR)/Dafiti-ObjC.app/Dafiti-ObjC";
			};
			name = Release;
		};
		7B90267A1BE7D13800728508 /* Debug */ = {
			isa = XCBuildConfiguration;
			buildSettings = {
				INFOPLIST_FILE = "Dafiti-ObjCUITests/Info.plist";
				LD_RUNPATH_SEARCH_PATHS = "$(inherited) @executable_path/Frameworks @loader_path/Frameworks";
				PRODUCT_BUNDLE_IDENTIFIER = "com.jhonathan.Dafiti-ObjCUITests";
				PRODUCT_NAME = "$(TARGET_NAME)";
				TEST_TARGET_NAME = "Dafiti-ObjC";
				USES_XCTRUNNER = YES;
			};
			name = Debug;
		};
		7B90267B1BE7D13800728508 /* Release */ = {
			isa = XCBuildConfiguration;
			buildSettings = {
				INFOPLIST_FILE = "Dafiti-ObjCUITests/Info.plist";
				LD_RUNPATH_SEARCH_PATHS = "$(inherited) @executable_path/Frameworks @loader_path/Frameworks";
				PRODUCT_BUNDLE_IDENTIFIER = "com.jhonathan.Dafiti-ObjCUITests";
				PRODUCT_NAME = "$(TARGET_NAME)";
				TEST_TARGET_NAME = "Dafiti-ObjC";
				USES_XCTRUNNER = YES;
			};
			name = Release;
		};
/* End XCBuildConfiguration section */

/* Begin XCConfigurationList section */
		7B9026411BE7D13800728508 /* Build configuration list for PBXProject "Dafiti-ObjC" */ = {
			isa = XCConfigurationList;
			buildConfigurations = (
				7B9026711BE7D13800728508 /* Debug */,
				7B9026721BE7D13800728508 /* Release */,
			);
			defaultConfigurationIsVisible = 0;
			defaultConfigurationName = Release;
		};
		7B9026731BE7D13800728508 /* Build configuration list for PBXNativeTarget "Dafiti-ObjC" */ = {
			isa = XCConfigurationList;
			buildConfigurations = (
				7B9026741BE7D13800728508 /* Debug */,
				7B9026751BE7D13800728508 /* Release */,
			);
			defaultConfigurationIsVisible = 0;
			defaultConfigurationName = Release;
		};
		7B9026761BE7D13800728508 /* Build configuration list for PBXNativeTarget "Dafiti-ObjCTests" */ = {
			isa = XCConfigurationList;
			buildConfigurations = (
				7B9026771BE7D13800728508 /* Debug */,
				7B9026781BE7D13800728508 /* Release */,
			);
			defaultConfigurationIsVisible = 0;
			defaultConfigurationName = Release;
		};
		7B9026791BE7D13800728508 /* Build configuration list for PBXNativeTarget "Dafiti-ObjCUITests" */ = {
			isa = XCConfigurationList;
			buildConfigurations = (
				7B90267A1BE7D13800728508 /* Debug */,
				7B90267B1BE7D13800728508 /* Release */,
			);
			defaultConfigurationIsVisible = 0;
			defaultConfigurationName = Release;
		};
/* End XCConfigurationList section */
	};
	rootObject = 7B90263E1BE7D13800728508 /* Project object */;
}
